
Microsoft Visual Studio Solution File, Format Version 12.00
# Visual Studio Version 17
VisualStudioVersion = 17.5.33516.290
MinimumVisualStudioVersion = 10.0.40219.1
Project("{9A19103F-16F7-4668-BE54-9A1E7A4F7556}") = "ConsoleApp", "ConsoleApp\ConsoleApp.csproj", "{F5DCF8D7-B90E-43B5-8ADD-8118BB6ED605}"
EndProject
Project("{9A19103F-16F7-4668-BE54-9A1E7A4F7556}") = "Inventory.Infrastructure", "..\Full\Infrastructure\Inventory.Infrastructure.csproj", "{20B3CDE8-E88F-4F78-914A-F7C3121A5ED7}"
EndProject
Project("{9A19103F-16F7-4668-BE54-9A1E7A4F7556}") = "Inventory.Domain", "..\Full\Domain\Inventory.Domain.csproj", "{70E05D0E-D8FE-4143-9A28-B1D2AA1EF68B}"
EndProject
Project("{9A19103F-16F7-4668-BE54-9A1E7A4F7556}") = "Inventory.Persistence", "..\Full\Persistence\Inventory.Persistence.csproj", "{7CC37E0E-FC67-440C-A3E7-32E1CB3BB4C0}"
EndProject
Global
	GlobalSection(SolutionConfigurationPlatforms) = preSolution
		Debug|x64 = Debug|x64
		Release|x64 = Release|x64
	EndGlobalSection
	GlobalSection(ProjectConfigurationPlatforms) = postSolution
		{F5DCF8D7-B90E-43B5-8ADD-8118BB6ED605}.Debug|x64.ActiveCfg = Debug|x64
		{F5DCF8D7-B90E-43B5-8ADD-8118BB6ED605}.Debug|x64.Build.0 = Debug|x64
		{F5DCF8D7-B90E-43B5-8ADD-8118BB6ED605}.Release|x64.ActiveCfg = Release|x64
		{F5DCF8D7-B90E-43B5-8ADD-8118BB6ED605}.Release|x64.Build.0 = Release|x64
		{20B3CDE8-E88F-4F78-914A-F7C3121A5ED7}.Debug|x64.ActiveCfg = Debug|x64
		{20B3CDE8-E88F-4F78-914A-F7C3121A5ED7}.Debug|x64.Build.0 = Debug|x64
		{20B3CDE8-E88F-4F78-914A-F7C3121A5ED7}.Release|x64.ActiveCfg = Release|x64
		{20B3CDE8-E88F-4F78-914A-F7C3121A5ED7}.Release|x64.Build.0 = Release|x64
		{70E05D0E-D8FE-4143-9A28-B1D2AA1EF68B}.Debug|x64.ActiveCfg = Debug|x64
		{70E05D0E-D8FE-4143-9A28-B1D2AA1EF68B}.Debug|x64.Build.0 = Debug|x64
		{70E05D0E-D8FE-4143-9A28-B1D2AA1EF68B}.Release|x64.ActiveCfg = Release|x64
		{70E05D0E-D8FE-4143-9A28-B1D2AA1EF68B}.Release|x64.Build.0 = Release|x64
		{7CC37E0E-FC67-440C-A3E7-32E1CB3BB4C0}.Debug|x64.ActiveCfg = Debug|x64
		{7CC37E0E-FC67-440C-A3E7-32E1CB3BB4C0}.Debug|x64.Build.0 = Debug|x64
		{7CC37E0E-FC67-440C-A3E7-32E1CB3BB4C0}.Release|x64.ActiveCfg = Release|x64
		{7CC37E0E-FC67-440C-A3E7-32E1CB3BB4C0}.Release|x64.Build.0 = Release|x64
	EndGlobalSection
	GlobalSection(SolutionProperties) = preSolution
		HideSolutionNode = FALSE
	EndGlobalSection
	GlobalSection(ExtensibilityGlobals) = postSolution
		SolutionGuid = {3AEAC708-F22E-4170-A9E8-5D9522E66C8F}
	EndGlobalSection
EndGlobal
