
Microsoft Visual Studio Solution File, Format Version 12.00
# Visual Studio Version 17
VisualStudioVersion = 17.3.32811.315
MinimumVisualStudioVersion = 10.0.40219.1
Project("{9A19103F-16F7-4668-BE54-9A1E7A4F7556}") = "Inventory.Domain", "Domain\Inventory.Domain.csproj", "{6693C7C0-EDF1-4F6B-89C0-F61C262D9EE5}"
EndProject
Project("{9A19103F-16F7-4668-BE54-9A1E7A4F7556}") = "Inventory.Infrastructure", "Infrastructure\Inventory.Infrastructure.csproj", "{E74BBA50-85E3-4C3D-814D-D8390DF9A92F}"
EndProject
Project("{9A19103F-16F7-4668-BE54-9A1E7A4F7556}") = "Inventory.Persistence", "Persistence\Inventory.Persistence.csproj", "{665A2311-C34F-4803-B30B-223D74CC7FFF}"
EndProject
Project("{FAE04EC0-301F-11D3-BF4B-00C04F79EFBC}") = "Inventory.Uwp", "Inventory.Uwp\Inventory.Uwp.csproj", "{8B89AA7A-5661-4D1F-A02C-182F28C1BC45}"
EndProject
Project("{FAE04EC0-301F-11D3-BF4B-00C04F79EFBC}") = "Inventory.Uwp.Library", "..\Share\Inventory.Uwp.Library\Inventory.Uwp.Library.csproj", "{CD266705-5D0A-4EE1-BA7E-32498D7B2877}"
EndProject
Project("{9A19103F-16F7-4668-BE54-9A1E7A4F7556}") = "Inventory.Application", "Application\Inventory.Application.csproj", "{42328CF4-729F-435B-A66A-9349854C4BC7}"
EndProject
Global
	GlobalSection(SolutionConfigurationPlatforms) = preSolution
		Debug|Any CPU = Debug|Any CPU
		Debug|ARM = Debug|ARM
		Debug|ARM64 = Debug|ARM64
		Debug|x64 = Debug|x64
		Debug|x86 = Debug|x86
		Release|Any CPU = Release|Any CPU
		Release|ARM = Release|ARM
		Release|ARM64 = Release|ARM64
		Release|x64 = Release|x64
		Release|x86 = Release|x86
	EndGlobalSection
	GlobalSection(ProjectConfigurationPlatforms) = postSolution
		{6693C7C0-EDF1-4F6B-89C0-F61C262D9EE5}.Debug|Any CPU.ActiveCfg = Debug|x64
		{6693C7C0-EDF1-4F6B-89C0-F61C262D9EE5}.Debug|Any CPU.Build.0 = Debug|x64
		{6693C7C0-EDF1-4F6B-89C0-F61C262D9EE5}.Debug|ARM.ActiveCfg = Debug|x64
		{6693C7C0-EDF1-4F6B-89C0-F61C262D9EE5}.Debug|ARM.Build.0 = Debug|x64
		{6693C7C0-EDF1-4F6B-89C0-F61C262D9EE5}.Debug|ARM64.ActiveCfg = Debug|x64
		{6693C7C0-EDF1-4F6B-89C0-F61C262D9EE5}.Debug|ARM64.Build.0 = Debug|x64
		{6693C7C0-EDF1-4F6B-89C0-F61C262D9EE5}.Debug|x64.ActiveCfg = Debug|x64
		{6693C7C0-EDF1-4F6B-89C0-F61C262D9EE5}.Debug|x64.Build.0 = Debug|x64
		{6693C7C0-EDF1-4F6B-89C0-F61C262D9EE5}.Debug|x86.ActiveCfg = Debug|x64
		{6693C7C0-EDF1-4F6B-89C0-F61C262D9EE5}.Debug|x86.Build.0 = Debug|x64
		{6693C7C0-EDF1-4F6B-89C0-F61C262D9EE5}.Release|Any CPU.ActiveCfg = Release|x64
		{6693C7C0-EDF1-4F6B-89C0-F61C262D9EE5}.Release|Any CPU.Build.0 = Release|x64
		{6693C7C0-EDF1-4F6B-89C0-F61C262D9EE5}.Release|ARM.ActiveCfg = Release|x64
		{6693C7C0-EDF1-4F6B-89C0-F61C262D9EE5}.Release|ARM.Build.0 = Release|x64
		{6693C7C0-EDF1-4F6B-89C0-F61C262D9EE5}.Release|ARM64.ActiveCfg = Release|x64
		{6693C7C0-EDF1-4F6B-89C0-F61C262D9EE5}.Release|ARM64.Build.0 = Release|x64
		{6693C7C0-EDF1-4F6B-89C0-F61C262D9EE5}.Release|x64.ActiveCfg = Release|x64
		{6693C7C0-EDF1-4F6B-89C0-F61C262D9EE5}.Release|x64.Build.0 = Release|x64
		{6693C7C0-EDF1-4F6B-89C0-F61C262D9EE5}.Release|x86.ActiveCfg = Release|x64
		{6693C7C0-EDF1-4F6B-89C0-F61C262D9EE5}.Release|x86.Build.0 = Release|x64
		{E74BBA50-85E3-4C3D-814D-D8390DF9A92F}.Debug|Any CPU.ActiveCfg = Debug|x64
		{E74BBA50-85E3-4C3D-814D-D8390DF9A92F}.Debug|Any CPU.Build.0 = Debug|x64
		{E74BBA50-85E3-4C3D-814D-D8390DF9A92F}.Debug|ARM.ActiveCfg = Debug|x64
		{E74BBA50-85E3-4C3D-814D-D8390DF9A92F}.Debug|ARM.Build.0 = Debug|x64
		{E74BBA50-85E3-4C3D-814D-D8390DF9A92F}.Debug|ARM64.ActiveCfg = Debug|x64
		{E74BBA50-85E3-4C3D-814D-D8390DF9A92F}.Debug|ARM64.Build.0 = Debug|x64
		{E74BBA50-85E3-4C3D-814D-D8390DF9A92F}.Debug|x64.ActiveCfg = Debug|x64
		{E74BBA50-85E3-4C3D-814D-D8390DF9A92F}.Debug|x64.Build.0 = Debug|x64
		{E74BBA50-85E3-4C3D-814D-D8390DF9A92F}.Debug|x86.ActiveCfg = Debug|x64
		{E74BBA50-85E3-4C3D-814D-D8390DF9A92F}.Debug|x86.Build.0 = Debug|x64
		{E74BBA50-85E3-4C3D-814D-D8390DF9A92F}.Release|Any CPU.ActiveCfg = Release|x64
		{E74BBA50-85E3-4C3D-814D-D8390DF9A92F}.Release|Any CPU.Build.0 = Release|x64
		{E74BBA50-85E3-4C3D-814D-D8390DF9A92F}.Release|ARM.ActiveCfg = Release|x64
		{E74BBA50-85E3-4C3D-814D-D8390DF9A92F}.Release|ARM.Build.0 = Release|x64
		{E74BBA50-85E3-4C3D-814D-D8390DF9A92F}.Release|ARM64.ActiveCfg = Release|x64
		{E74BBA50-85E3-4C3D-814D-D8390DF9A92F}.Release|ARM64.Build.0 = Release|x64
		{E74BBA50-85E3-4C3D-814D-D8390DF9A92F}.Release|x64.ActiveCfg = Release|x64
		{E74BBA50-85E3-4C3D-814D-D8390DF9A92F}.Release|x64.Build.0 = Release|x64
		{E74BBA50-85E3-4C3D-814D-D8390DF9A92F}.Release|x86.ActiveCfg = Release|x64
		{E74BBA50-85E3-4C3D-814D-D8390DF9A92F}.Release|x86.Build.0 = Release|x64
		{665A2311-C34F-4803-B30B-223D74CC7FFF}.Debug|Any CPU.ActiveCfg = Debug|x64
		{665A2311-C34F-4803-B30B-223D74CC7FFF}.Debug|Any CPU.Build.0 = Debug|x64
		{665A2311-C34F-4803-B30B-223D74CC7FFF}.Debug|ARM.ActiveCfg = Debug|x64
		{665A2311-C34F-4803-B30B-223D74CC7FFF}.Debug|ARM.Build.0 = Debug|x64
		{665A2311-C34F-4803-B30B-223D74CC7FFF}.Debug|ARM64.ActiveCfg = Debug|x64
		{665A2311-C34F-4803-B30B-223D74CC7FFF}.Debug|ARM64.Build.0 = Debug|x64
		{665A2311-C34F-4803-B30B-223D74CC7FFF}.Debug|x64.ActiveCfg = Debug|x64
		{665A2311-C34F-4803-B30B-223D74CC7FFF}.Debug|x64.Build.0 = Debug|x64
		{665A2311-C34F-4803-B30B-223D74CC7FFF}.Debug|x86.ActiveCfg = Debug|x64
		{665A2311-C34F-4803-B30B-223D74CC7FFF}.Debug|x86.Build.0 = Debug|x64
		{665A2311-C34F-4803-B30B-223D74CC7FFF}.Release|Any CPU.ActiveCfg = Release|x64
		{665A2311-C34F-4803-B30B-223D74CC7FFF}.Release|Any CPU.Build.0 = Release|x64
		{665A2311-C34F-4803-B30B-223D74CC7FFF}.Release|ARM.ActiveCfg = Release|x64
		{665A2311-C34F-4803-B30B-223D74CC7FFF}.Release|ARM.Build.0 = Release|x64
		{665A2311-C34F-4803-B30B-223D74CC7FFF}.Release|ARM64.ActiveCfg = Release|x64
		{665A2311-C34F-4803-B30B-223D74CC7FFF}.Release|ARM64.Build.0 = Release|x64
		{665A2311-C34F-4803-B30B-223D74CC7FFF}.Release|x64.ActiveCfg = Release|x64
		{665A2311-C34F-4803-B30B-223D74CC7FFF}.Release|x64.Build.0 = Release|x64
		{665A2311-C34F-4803-B30B-223D74CC7FFF}.Release|x86.ActiveCfg = Release|x64
		{665A2311-C34F-4803-B30B-223D74CC7FFF}.Release|x86.Build.0 = Release|x64
		{8B89AA7A-5661-4D1F-A02C-182F28C1BC45}.Debug|Any CPU.ActiveCfg = Debug|x64
		{8B89AA7A-5661-4D1F-A02C-182F28C1BC45}.Debug|Any CPU.Build.0 = Debug|x64
		{8B89AA7A-5661-4D1F-A02C-182F28C1BC45}.Debug|Any CPU.Deploy.0 = Debug|x64
		{8B89AA7A-5661-4D1F-A02C-182F28C1BC45}.Debug|ARM.ActiveCfg = Debug|x64
		{8B89AA7A-5661-4D1F-A02C-182F28C1BC45}.Debug|ARM64.ActiveCfg = Debug|x64
		{8B89AA7A-5661-4D1F-A02C-182F28C1BC45}.Debug|x64.ActiveCfg = Debug|x64
		{8B89AA7A-5661-4D1F-A02C-182F28C1BC45}.Debug|x64.Build.0 = Debug|x64
		{8B89AA7A-5661-4D1F-A02C-182F28C1BC45}.Debug|x64.Deploy.0 = Debug|x64
		{8B89AA7A-5661-4D1F-A02C-182F28C1BC45}.Debug|x86.ActiveCfg = Debug|x64
		{8B89AA7A-5661-4D1F-A02C-182F28C1BC45}.Release|Any CPU.ActiveCfg = Release|x64
		{8B89AA7A-5661-4D1F-A02C-182F28C1BC45}.Release|Any CPU.Build.0 = Release|x64
		{8B89AA7A-5661-4D1F-A02C-182F28C1BC45}.Release|Any CPU.Deploy.0 = Release|x64
		{8B89AA7A-5661-4D1F-A02C-182F28C1BC45}.Release|ARM.ActiveCfg = Release|x64
		{8B89AA7A-5661-4D1F-A02C-182F28C1BC45}.Release|ARM64.ActiveCfg = Release|x64
		{8B89AA7A-5661-4D1F-A02C-182F28C1BC45}.Release|x64.ActiveCfg = Release|x64
		{8B89AA7A-5661-4D1F-A02C-182F28C1BC45}.Release|x64.Build.0 = Release|x64
		{8B89AA7A-5661-4D1F-A02C-182F28C1BC45}.Release|x64.Deploy.0 = Release|x64
		{8B89AA7A-5661-4D1F-A02C-182F28C1BC45}.Release|x86.ActiveCfg = Release|x64
		{CD266705-5D0A-4EE1-BA7E-32498D7B2877}.Debug|Any CPU.ActiveCfg = Debug|x64
		{CD266705-5D0A-4EE1-BA7E-32498D7B2877}.Debug|Any CPU.Build.0 = Debug|x64
		{CD266705-5D0A-4EE1-BA7E-32498D7B2877}.Debug|ARM.ActiveCfg = Debug|x64
		{CD266705-5D0A-4EE1-BA7E-32498D7B2877}.Debug|ARM.Build.0 = Debug|x64
		{CD266705-5D0A-4EE1-BA7E-32498D7B2877}.Debug|ARM64.ActiveCfg = Debug|x64
		{CD266705-5D0A-4EE1-BA7E-32498D7B2877}.Debug|ARM64.Build.0 = Debug|x64
		{CD266705-5D0A-4EE1-BA7E-32498D7B2877}.Debug|x64.ActiveCfg = Debug|x64
		{CD266705-5D0A-4EE1-BA7E-32498D7B2877}.Debug|x64.Build.0 = Debug|x64
		{CD266705-5D0A-4EE1-BA7E-32498D7B2877}.Debug|x86.ActiveCfg = Debug|x64
		{CD266705-5D0A-4EE1-BA7E-32498D7B2877}.Debug|x86.Build.0 = Debug|x64
		{CD266705-5D0A-4EE1-BA7E-32498D7B2877}.Release|Any CPU.ActiveCfg = Release|x64
		{CD266705-5D0A-4EE1-BA7E-32498D7B2877}.Release|Any CPU.Build.0 = Release|x64
		{CD266705-5D0A-4EE1-BA7E-32498D7B2877}.Release|ARM.ActiveCfg = Release|x64
		{CD266705-5D0A-4EE1-BA7E-32498D7B2877}.Release|ARM.Build.0 = Release|x64
		{CD266705-5D0A-4EE1-BA7E-32498D7B2877}.Release|ARM64.ActiveCfg = Release|x64
		{CD266705-5D0A-4EE1-BA7E-32498D7B2877}.Release|ARM64.Build.0 = Release|x64
		{CD266705-5D0A-4EE1-BA7E-32498D7B2877}.Release|x64.ActiveCfg = Release|x64
		{CD266705-5D0A-4EE1-BA7E-32498D7B2877}.Release|x64.Build.0 = Release|x64
		{CD266705-5D0A-4EE1-BA7E-32498D7B2877}.Release|x86.ActiveCfg = Release|x64
		{CD266705-5D0A-4EE1-BA7E-32498D7B2877}.Release|x86.Build.0 = Release|x64
		{42328CF4-729F-435B-A66A-9349854C4BC7}.Debug|Any CPU.ActiveCfg = Debug|Any CPU
		{42328CF4-729F-435B-A66A-9349854C4BC7}.Debug|Any CPU.Build.0 = Debug|Any CPU
		{42328CF4-729F-435B-A66A-9349854C4BC7}.Debug|ARM.ActiveCfg = Debug|Any CPU
		{42328CF4-729F-435B-A66A-9349854C4BC7}.Debug|ARM.Build.0 = Debug|Any CPU
		{42328CF4-729F-435B-A66A-9349854C4BC7}.Debug|ARM64.ActiveCfg = Debug|Any CPU
		{42328CF4-729F-435B-A66A-9349854C4BC7}.Debug|ARM64.Build.0 = Debug|Any CPU
		{42328CF4-729F-435B-A66A-9349854C4BC7}.Debug|x64.ActiveCfg = Debug|Any CPU
		{42328CF4-729F-435B-A66A-9349854C4BC7}.Debug|x64.Build.0 = Debug|Any CPU
		{42328CF4-729F-435B-A66A-9349854C4BC7}.Debug|x86.ActiveCfg = Debug|Any CPU
		{42328CF4-729F-435B-A66A-9349854C4BC7}.Debug|x86.Build.0 = Debug|Any CPU
		{42328CF4-729F-435B-A66A-9349854C4BC7}.Release|Any CPU.ActiveCfg = Release|Any CPU
		{42328CF4-729F-435B-A66A-9349854C4BC7}.Release|Any CPU.Build.0 = Release|Any CPU
		{42328CF4-729F-435B-A66A-9349854C4BC7}.Release|ARM.ActiveCfg = Release|Any CPU
		{42328CF4-729F-435B-A66A-9349854C4BC7}.Release|ARM.Build.0 = Release|Any CPU
		{42328CF4-729F-435B-A66A-9349854C4BC7}.Release|ARM64.ActiveCfg = Release|Any CPU
		{42328CF4-729F-435B-A66A-9349854C4BC7}.Release|ARM64.Build.0 = Release|Any CPU
		{42328CF4-729F-435B-A66A-9349854C4BC7}.Release|x64.ActiveCfg = Release|Any CPU
		{42328CF4-729F-435B-A66A-9349854C4BC7}.Release|x64.Build.0 = Release|Any CPU
		{42328CF4-729F-435B-A66A-9349854C4BC7}.Release|x86.ActiveCfg = Release|Any CPU
		{42328CF4-729F-435B-A66A-9349854C4BC7}.Release|x86.Build.0 = Release|Any CPU
	EndGlobalSection
	GlobalSection(SolutionProperties) = preSolution
		HideSolutionNode = FALSE
	EndGlobalSection
	GlobalSection(ExtensibilityGlobals) = postSolution
		SolutionGuid = {FD3F8CAA-A45D-4315-B28E-E0F80BBE61B2}
	EndGlobalSection
EndGlobal
