
Microsoft Visual Studio Solution File, Format Version 12.00
# Visual Studio Version 17
VisualStudioVersion = 17.3.32811.315
MinimumVisualStudioVersion = 10.0.40219.1
Project("{9A19103F-16F7-4668-BE54-9A1E7A4F7556}") = "Inventory.Domain", "Full\Domain\Inventory.Domain.csproj", "{6693C7C0-EDF1-4F6B-89C0-F61C262D9EE5}"
EndProject
Project("{9A19103F-16F7-4668-BE54-9A1E7A4F7556}") = "Inventory.Infrastructure", "Full\Infrastructure\Inventory.Infrastructure.csproj", "{E74BBA50-85E3-4C3D-814D-D8390DF9A92F}"
EndProject
Project("{9A19103F-16F7-4668-BE54-9A1E7A4F7556}") = "Inventory.Persistence", "Full\Persistence\Inventory.Persistence.csproj", "{665A2311-C34F-4803-B30B-223D74CC7FFF}"
EndProject
Project("{9A19103F-16F7-4668-BE54-9A1E7A4F7556}") = "Inventory.Application", "Full\Application\Inventory.Application.csproj", "{6EC1D4DE-2028-4A8E-A583-270DD444618C}"
EndProject
Project("{FAE04EC0-301F-11D3-BF4B-00C04F79EFBC}") = "Inventory.Uwp", "Full\Inventory.Uwp\Inventory.Uwp.csproj", "{46022F2A-C95E-4644-80A7-E1150D48F288}"
EndProject
Project("{FAE04EC0-301F-11D3-BF4B-00C04F79EFBC}") = "Inventory.Uwp.Library", "Share\Inventory.Uwp.Library\Inventory.Uwp.Library.csproj", "{CD266705-5D0A-4EE1-BA7E-32498D7B2877}"
EndProject
Project("{2150E333-8FDC-42A3-9474-1A3956D46DE8}") = "Full", "Full", "{B8846BF5-FF8E-402D-88A6-0E1455685356}"
EndProject
Project("{2150E333-8FDC-42A3-9474-1A3956D46DE8}") = "Shared", "Shared", "{2011F985-EB33-49A1-B494-76EEE1A1F143}"
EndProject
Project("{2150E333-8FDC-42A3-9474-1A3956D46DE8}") = "NoDto", "NoDto", "{CBF0A6FB-6E44-4A95-BDB4-1E4B2727FD8A}"
EndProject
Project("{9A19103F-16F7-4668-BE54-9A1E7A4F7556}") = "Inventory.Infrastructure", "NoDto\Infrastructure\Inventory.Infrastructure.csproj", "{0D8DA490-68C0-48EB-B5A9-C012D5FECE85}"
EndProject
Project("{9A19103F-16F7-4668-BE54-9A1E7A4F7556}") = "Inventory.Domain", "NoDto\Domain\Inventory.Domain.csproj", "{3180A5D5-EE53-4AD9-B48A-494E4535B731}"
EndProject
Project("{9A19103F-16F7-4668-BE54-9A1E7A4F7556}") = "Inventory.Persistence", "NoDto\Persistence\Inventory.Persistence.csproj", "{7EFD0048-6A6F-4FEF-A80E-5B917035ED5B}"
EndProject
Project("{9A19103F-16F7-4668-BE54-9A1E7A4F7556}") = "Inventory.Application", "NoDto\Application\Inventory.Application.csproj", "{C703BBB4-251F-4AF8-AC0B-EE02B6F24635}"
EndProject
Project("{FAE04EC0-301F-11D3-BF4B-00C04F79EFBC}") = "Inventory.Uwp", "NoDto\Inventory.Uwp\Inventory.Uwp.csproj", "{8B89AA7A-5661-4D1F-A02C-182F28C1BC45}"
EndProject
Project("{9A19103F-16F7-4668-BE54-9A1E7A4F7556}") = "ConsoleApp", "Share\ConsoleApp\ConsoleApp.csproj", "{A554061B-F4AF-4C4C-ABAD-09443C0F2E11}"
EndProject
Global
	GlobalSection(SolutionConfigurationPlatforms) = preSolution
		Debug|Any CPU = Debug|Any CPU
		Debug|ARM = Debug|ARM
		Debug|ARM64 = Debug|ARM64
		Debug|x64 = Debug|x64
		Debug|x86 = Debug|x86
		Release|Any CPU = Release|Any CPU
		Release|ARM = Release|ARM
		Release|ARM64 = Release|ARM64
		Release|x64 = Release|x64
		Release|x86 = Release|x86
	EndGlobalSection
	GlobalSection(ProjectConfigurationPlatforms) = postSolution
		{6693C7C0-EDF1-4F6B-89C0-F61C262D9EE5}.Debug|Any CPU.ActiveCfg = Debug|x64
		{6693C7C0-EDF1-4F6B-89C0-F61C262D9EE5}.Debug|Any CPU.Build.0 = Debug|x64
		{6693C7C0-EDF1-4F6B-89C0-F61C262D9EE5}.Debug|ARM.ActiveCfg = Debug|x64
		{6693C7C0-EDF1-4F6B-89C0-F61C262D9EE5}.Debug|ARM.Build.0 = Debug|x64
		{6693C7C0-EDF1-4F6B-89C0-F61C262D9EE5}.Debug|ARM64.ActiveCfg = Debug|x64
		{6693C7C0-EDF1-4F6B-89C0-F61C262D9EE5}.Debug|ARM64.Build.0 = Debug|x64
		{6693C7C0-EDF1-4F6B-89C0-F61C262D9EE5}.Debug|x64.ActiveCfg = Debug|x64
		{6693C7C0-EDF1-4F6B-89C0-F61C262D9EE5}.Debug|x64.Build.0 = Debug|x64
		{6693C7C0-EDF1-4F6B-89C0-F61C262D9EE5}.Debug|x86.ActiveCfg = Debug|x64
		{6693C7C0-EDF1-4F6B-89C0-F61C262D9EE5}.Debug|x86.Build.0 = Debug|x64
		{6693C7C0-EDF1-4F6B-89C0-F61C262D9EE5}.Release|Any CPU.ActiveCfg = Release|x64
		{6693C7C0-EDF1-4F6B-89C0-F61C262D9EE5}.Release|Any CPU.Build.0 = Release|x64
		{6693C7C0-EDF1-4F6B-89C0-F61C262D9EE5}.Release|ARM.ActiveCfg = Release|x64
		{6693C7C0-EDF1-4F6B-89C0-F61C262D9EE5}.Release|ARM.Build.0 = Release|x64
		{6693C7C0-EDF1-4F6B-89C0-F61C262D9EE5}.Release|ARM64.ActiveCfg = Release|x64
		{6693C7C0-EDF1-4F6B-89C0-F61C262D9EE5}.Release|ARM64.Build.0 = Release|x64
		{6693C7C0-EDF1-4F6B-89C0-F61C262D9EE5}.Release|x64.ActiveCfg = Release|x64
		{6693C7C0-EDF1-4F6B-89C0-F61C262D9EE5}.Release|x64.Build.0 = Release|x64
		{6693C7C0-EDF1-4F6B-89C0-F61C262D9EE5}.Release|x86.ActiveCfg = Release|x64
		{6693C7C0-EDF1-4F6B-89C0-F61C262D9EE5}.Release|x86.Build.0 = Release|x64
		{E74BBA50-85E3-4C3D-814D-D8390DF9A92F}.Debug|Any CPU.ActiveCfg = Debug|x64
		{E74BBA50-85E3-4C3D-814D-D8390DF9A92F}.Debug|Any CPU.Build.0 = Debug|x64
		{E74BBA50-85E3-4C3D-814D-D8390DF9A92F}.Debug|ARM.ActiveCfg = Debug|x64
		{E74BBA50-85E3-4C3D-814D-D8390DF9A92F}.Debug|ARM.Build.0 = Debug|x64
		{E74BBA50-85E3-4C3D-814D-D8390DF9A92F}.Debug|ARM64.ActiveCfg = Debug|x64
		{E74BBA50-85E3-4C3D-814D-D8390DF9A92F}.Debug|ARM64.Build.0 = Debug|x64
		{E74BBA50-85E3-4C3D-814D-D8390DF9A92F}.Debug|x64.ActiveCfg = Debug|x64
		{E74BBA50-85E3-4C3D-814D-D8390DF9A92F}.Debug|x64.Build.0 = Debug|x64
		{E74BBA50-85E3-4C3D-814D-D8390DF9A92F}.Debug|x86.ActiveCfg = Debug|x64
		{E74BBA50-85E3-4C3D-814D-D8390DF9A92F}.Debug|x86.Build.0 = Debug|x64
		{E74BBA50-85E3-4C3D-814D-D8390DF9A92F}.Release|Any CPU.ActiveCfg = Release|x64
		{E74BBA50-85E3-4C3D-814D-D8390DF9A92F}.Release|Any CPU.Build.0 = Release|x64
		{E74BBA50-85E3-4C3D-814D-D8390DF9A92F}.Release|ARM.ActiveCfg = Release|x64
		{E74BBA50-85E3-4C3D-814D-D8390DF9A92F}.Release|ARM.Build.0 = Release|x64
		{E74BBA50-85E3-4C3D-814D-D8390DF9A92F}.Release|ARM64.ActiveCfg = Release|x64
		{E74BBA50-85E3-4C3D-814D-D8390DF9A92F}.Release|ARM64.Build.0 = Release|x64
		{E74BBA50-85E3-4C3D-814D-D8390DF9A92F}.Release|x64.ActiveCfg = Release|x64
		{E74BBA50-85E3-4C3D-814D-D8390DF9A92F}.Release|x64.Build.0 = Release|x64
		{E74BBA50-85E3-4C3D-814D-D8390DF9A92F}.Release|x86.ActiveCfg = Release|x64
		{E74BBA50-85E3-4C3D-814D-D8390DF9A92F}.Release|x86.Build.0 = Release|x64
		{665A2311-C34F-4803-B30B-223D74CC7FFF}.Debug|Any CPU.ActiveCfg = Debug|x64
		{665A2311-C34F-4803-B30B-223D74CC7FFF}.Debug|Any CPU.Build.0 = Debug|x64
		{665A2311-C34F-4803-B30B-223D74CC7FFF}.Debug|ARM.ActiveCfg = Debug|x64
		{665A2311-C34F-4803-B30B-223D74CC7FFF}.Debug|ARM.Build.0 = Debug|x64
		{665A2311-C34F-4803-B30B-223D74CC7FFF}.Debug|ARM64.ActiveCfg = Debug|x64
		{665A2311-C34F-4803-B30B-223D74CC7FFF}.Debug|ARM64.Build.0 = Debug|x64
		{665A2311-C34F-4803-B30B-223D74CC7FFF}.Debug|x64.ActiveCfg = Debug|x64
		{665A2311-C34F-4803-B30B-223D74CC7FFF}.Debug|x64.Build.0 = Debug|x64
		{665A2311-C34F-4803-B30B-223D74CC7FFF}.Debug|x86.ActiveCfg = Debug|x64
		{665A2311-C34F-4803-B30B-223D74CC7FFF}.Debug|x86.Build.0 = Debug|x64
		{665A2311-C34F-4803-B30B-223D74CC7FFF}.Release|Any CPU.ActiveCfg = Release|x64
		{665A2311-C34F-4803-B30B-223D74CC7FFF}.Release|Any CPU.Build.0 = Release|x64
		{665A2311-C34F-4803-B30B-223D74CC7FFF}.Release|ARM.ActiveCfg = Release|x64
		{665A2311-C34F-4803-B30B-223D74CC7FFF}.Release|ARM.Build.0 = Release|x64
		{665A2311-C34F-4803-B30B-223D74CC7FFF}.Release|ARM64.ActiveCfg = Release|x64
		{665A2311-C34F-4803-B30B-223D74CC7FFF}.Release|ARM64.Build.0 = Release|x64
		{665A2311-C34F-4803-B30B-223D74CC7FFF}.Release|x64.ActiveCfg = Release|x64
		{665A2311-C34F-4803-B30B-223D74CC7FFF}.Release|x64.Build.0 = Release|x64
		{665A2311-C34F-4803-B30B-223D74CC7FFF}.Release|x86.ActiveCfg = Release|x64
		{665A2311-C34F-4803-B30B-223D74CC7FFF}.Release|x86.Build.0 = Release|x64
		{6EC1D4DE-2028-4A8E-A583-270DD444618C}.Debug|Any CPU.ActiveCfg = Debug|x64
		{6EC1D4DE-2028-4A8E-A583-270DD444618C}.Debug|Any CPU.Build.0 = Debug|x64
		{6EC1D4DE-2028-4A8E-A583-270DD444618C}.Debug|ARM.ActiveCfg = Debug|x64
		{6EC1D4DE-2028-4A8E-A583-270DD444618C}.Debug|ARM.Build.0 = Debug|x64
		{6EC1D4DE-2028-4A8E-A583-270DD444618C}.Debug|ARM64.ActiveCfg = Debug|x64
		{6EC1D4DE-2028-4A8E-A583-270DD444618C}.Debug|ARM64.Build.0 = Debug|x64
		{6EC1D4DE-2028-4A8E-A583-270DD444618C}.Debug|x64.ActiveCfg = Debug|x64
		{6EC1D4DE-2028-4A8E-A583-270DD444618C}.Debug|x64.Build.0 = Debug|x64
		{6EC1D4DE-2028-4A8E-A583-270DD444618C}.Debug|x86.ActiveCfg = Debug|x64
		{6EC1D4DE-2028-4A8E-A583-270DD444618C}.Debug|x86.Build.0 = Debug|x64
		{6EC1D4DE-2028-4A8E-A583-270DD444618C}.Release|Any CPU.ActiveCfg = Release|x64
		{6EC1D4DE-2028-4A8E-A583-270DD444618C}.Release|Any CPU.Build.0 = Release|x64
		{6EC1D4DE-2028-4A8E-A583-270DD444618C}.Release|ARM.ActiveCfg = Release|x64
		{6EC1D4DE-2028-4A8E-A583-270DD444618C}.Release|ARM.Build.0 = Release|x64
		{6EC1D4DE-2028-4A8E-A583-270DD444618C}.Release|ARM64.ActiveCfg = Release|x64
		{6EC1D4DE-2028-4A8E-A583-270DD444618C}.Release|ARM64.Build.0 = Release|x64
		{6EC1D4DE-2028-4A8E-A583-270DD444618C}.Release|x64.ActiveCfg = Release|x64
		{6EC1D4DE-2028-4A8E-A583-270DD444618C}.Release|x64.Build.0 = Release|x64
		{6EC1D4DE-2028-4A8E-A583-270DD444618C}.Release|x86.ActiveCfg = Release|x64
		{6EC1D4DE-2028-4A8E-A583-270DD444618C}.Release|x86.Build.0 = Release|x64
		{46022F2A-C95E-4644-80A7-E1150D48F288}.Debug|Any CPU.ActiveCfg = Debug|Any CPU
		{46022F2A-C95E-4644-80A7-E1150D48F288}.Debug|Any CPU.Build.0 = Debug|Any CPU
		{46022F2A-C95E-4644-80A7-E1150D48F288}.Debug|Any CPU.Deploy.0 = Debug|Any CPU
		{46022F2A-C95E-4644-80A7-E1150D48F288}.Debug|ARM.ActiveCfg = Debug|ARM
		{46022F2A-C95E-4644-80A7-E1150D48F288}.Debug|ARM.Build.0 = Debug|ARM
		{46022F2A-C95E-4644-80A7-E1150D48F288}.Debug|ARM.Deploy.0 = Debug|ARM
		{46022F2A-C95E-4644-80A7-E1150D48F288}.Debug|ARM64.ActiveCfg = Debug|ARM64
		{46022F2A-C95E-4644-80A7-E1150D48F288}.Debug|ARM64.Build.0 = Debug|ARM64
		{46022F2A-C95E-4644-80A7-E1150D48F288}.Debug|ARM64.Deploy.0 = Debug|ARM64
		{46022F2A-C95E-4644-80A7-E1150D48F288}.Debug|x64.ActiveCfg = Debug|x64
		{46022F2A-C95E-4644-80A7-E1150D48F288}.Debug|x64.Build.0 = Debug|x64
		{46022F2A-C95E-4644-80A7-E1150D48F288}.Debug|x64.Deploy.0 = Debug|x64
		{46022F2A-C95E-4644-80A7-E1150D48F288}.Debug|x86.ActiveCfg = Debug|x86
		{46022F2A-C95E-4644-80A7-E1150D48F288}.Debug|x86.Build.0 = Debug|x86
		{46022F2A-C95E-4644-80A7-E1150D48F288}.Debug|x86.Deploy.0 = Debug|x86
		{46022F2A-C95E-4644-80A7-E1150D48F288}.Release|Any CPU.ActiveCfg = Release|Any CPU
		{46022F2A-C95E-4644-80A7-E1150D48F288}.Release|Any CPU.Build.0 = Release|Any CPU
		{46022F2A-C95E-4644-80A7-E1150D48F288}.Release|Any CPU.Deploy.0 = Release|Any CPU
		{46022F2A-C95E-4644-80A7-E1150D48F288}.Release|ARM.ActiveCfg = Release|ARM
		{46022F2A-C95E-4644-80A7-E1150D48F288}.Release|ARM.Build.0 = Release|ARM
		{46022F2A-C95E-4644-80A7-E1150D48F288}.Release|ARM.Deploy.0 = Release|ARM
		{46022F2A-C95E-4644-80A7-E1150D48F288}.Release|ARM64.ActiveCfg = Release|ARM64
		{46022F2A-C95E-4644-80A7-E1150D48F288}.Release|ARM64.Build.0 = Release|ARM64
		{46022F2A-C95E-4644-80A7-E1150D48F288}.Release|ARM64.Deploy.0 = Release|ARM64
		{46022F2A-C95E-4644-80A7-E1150D48F288}.Release|x64.ActiveCfg = Release|x64
		{46022F2A-C95E-4644-80A7-E1150D48F288}.Release|x64.Build.0 = Release|x64
		{46022F2A-C95E-4644-80A7-E1150D48F288}.Release|x64.Deploy.0 = Release|x64
		{46022F2A-C95E-4644-80A7-E1150D48F288}.Release|x86.ActiveCfg = Release|x86
		{46022F2A-C95E-4644-80A7-E1150D48F288}.Release|x86.Build.0 = Release|x86
		{46022F2A-C95E-4644-80A7-E1150D48F288}.Release|x86.Deploy.0 = Release|x86
		{CD266705-5D0A-4EE1-BA7E-32498D7B2877}.Debug|Any CPU.ActiveCfg = Debug|x64
		{CD266705-5D0A-4EE1-BA7E-32498D7B2877}.Debug|Any CPU.Build.0 = Debug|x64
		{CD266705-5D0A-4EE1-BA7E-32498D7B2877}.Debug|ARM.ActiveCfg = Debug|x64
		{CD266705-5D0A-4EE1-BA7E-32498D7B2877}.Debug|ARM.Build.0 = Debug|x64
		{CD266705-5D0A-4EE1-BA7E-32498D7B2877}.Debug|ARM64.ActiveCfg = Debug|x64
		{CD266705-5D0A-4EE1-BA7E-32498D7B2877}.Debug|ARM64.Build.0 = Debug|x64
		{CD266705-5D0A-4EE1-BA7E-32498D7B2877}.Debug|x64.ActiveCfg = Debug|x64
		{CD266705-5D0A-4EE1-BA7E-32498D7B2877}.Debug|x64.Build.0 = Debug|x64
		{CD266705-5D0A-4EE1-BA7E-32498D7B2877}.Debug|x86.ActiveCfg = Debug|x64
		{CD266705-5D0A-4EE1-BA7E-32498D7B2877}.Debug|x86.Build.0 = Debug|x64
		{CD266705-5D0A-4EE1-BA7E-32498D7B2877}.Release|Any CPU.ActiveCfg = Release|x64
		{CD266705-5D0A-4EE1-BA7E-32498D7B2877}.Release|Any CPU.Build.0 = Release|x64
		{CD266705-5D0A-4EE1-BA7E-32498D7B2877}.Release|ARM.ActiveCfg = Release|x64
		{CD266705-5D0A-4EE1-BA7E-32498D7B2877}.Release|ARM.Build.0 = Release|x64
		{CD266705-5D0A-4EE1-BA7E-32498D7B2877}.Release|ARM64.ActiveCfg = Release|x64
		{CD266705-5D0A-4EE1-BA7E-32498D7B2877}.Release|ARM64.Build.0 = Release|x64
		{CD266705-5D0A-4EE1-BA7E-32498D7B2877}.Release|x64.ActiveCfg = Release|x64
		{CD266705-5D0A-4EE1-BA7E-32498D7B2877}.Release|x64.Build.0 = Release|x64
		{CD266705-5D0A-4EE1-BA7E-32498D7B2877}.Release|x86.ActiveCfg = Release|x64
		{CD266705-5D0A-4EE1-BA7E-32498D7B2877}.Release|x86.Build.0 = Release|x64
		{0D8DA490-68C0-48EB-B5A9-C012D5FECE85}.Debug|Any CPU.ActiveCfg = Debug|x64
		{0D8DA490-68C0-48EB-B5A9-C012D5FECE85}.Debug|Any CPU.Build.0 = Debug|x64
		{0D8DA490-68C0-48EB-B5A9-C012D5FECE85}.Debug|ARM.ActiveCfg = Debug|x64
		{0D8DA490-68C0-48EB-B5A9-C012D5FECE85}.Debug|ARM.Build.0 = Debug|x64
		{0D8DA490-68C0-48EB-B5A9-C012D5FECE85}.Debug|ARM64.ActiveCfg = Debug|x64
		{0D8DA490-68C0-48EB-B5A9-C012D5FECE85}.Debug|ARM64.Build.0 = Debug|x64
		{0D8DA490-68C0-48EB-B5A9-C012D5FECE85}.Debug|x64.ActiveCfg = Debug|x64
		{0D8DA490-68C0-48EB-B5A9-C012D5FECE85}.Debug|x64.Build.0 = Debug|x64
		{0D8DA490-68C0-48EB-B5A9-C012D5FECE85}.Debug|x86.ActiveCfg = Debug|x64
		{0D8DA490-68C0-48EB-B5A9-C012D5FECE85}.Debug|x86.Build.0 = Debug|x64
		{0D8DA490-68C0-48EB-B5A9-C012D5FECE85}.Release|Any CPU.ActiveCfg = Release|x64
		{0D8DA490-68C0-48EB-B5A9-C012D5FECE85}.Release|Any CPU.Build.0 = Release|x64
		{0D8DA490-68C0-48EB-B5A9-C012D5FECE85}.Release|ARM.ActiveCfg = Release|x64
		{0D8DA490-68C0-48EB-B5A9-C012D5FECE85}.Release|ARM.Build.0 = Release|x64
		{0D8DA490-68C0-48EB-B5A9-C012D5FECE85}.Release|ARM64.ActiveCfg = Release|x64
		{0D8DA490-68C0-48EB-B5A9-C012D5FECE85}.Release|ARM64.Build.0 = Release|x64
		{0D8DA490-68C0-48EB-B5A9-C012D5FECE85}.Release|x64.ActiveCfg = Release|x64
		{0D8DA490-68C0-48EB-B5A9-C012D5FECE85}.Release|x64.Build.0 = Release|x64
		{0D8DA490-68C0-48EB-B5A9-C012D5FECE85}.Release|x86.ActiveCfg = Release|x64
		{0D8DA490-68C0-48EB-B5A9-C012D5FECE85}.Release|x86.Build.0 = Release|x64
		{3180A5D5-EE53-4AD9-B48A-494E4535B731}.Debug|Any CPU.ActiveCfg = Debug|x64
		{3180A5D5-EE53-4AD9-B48A-494E4535B731}.Debug|Any CPU.Build.0 = Debug|x64
		{3180A5D5-EE53-4AD9-B48A-494E4535B731}.Debug|ARM.ActiveCfg = Debug|x64
		{3180A5D5-EE53-4AD9-B48A-494E4535B731}.Debug|ARM.Build.0 = Debug|x64
		{3180A5D5-EE53-4AD9-B48A-494E4535B731}.Debug|ARM64.ActiveCfg = Debug|x64
		{3180A5D5-EE53-4AD9-B48A-494E4535B731}.Debug|ARM64.Build.0 = Debug|x64
		{3180A5D5-EE53-4AD9-B48A-494E4535B731}.Debug|x64.ActiveCfg = Debug|x64
		{3180A5D5-EE53-4AD9-B48A-494E4535B731}.Debug|x64.Build.0 = Debug|x64
		{3180A5D5-EE53-4AD9-B48A-494E4535B731}.Debug|x86.ActiveCfg = Debug|x64
		{3180A5D5-EE53-4AD9-B48A-494E4535B731}.Debug|x86.Build.0 = Debug|x64
		{3180A5D5-EE53-4AD9-B48A-494E4535B731}.Release|Any CPU.ActiveCfg = Release|x64
		{3180A5D5-EE53-4AD9-B48A-494E4535B731}.Release|Any CPU.Build.0 = Release|x64
		{3180A5D5-EE53-4AD9-B48A-494E4535B731}.Release|ARM.ActiveCfg = Release|x64
		{3180A5D5-EE53-4AD9-B48A-494E4535B731}.Release|ARM.Build.0 = Release|x64
		{3180A5D5-EE53-4AD9-B48A-494E4535B731}.Release|ARM64.ActiveCfg = Release|x64
		{3180A5D5-EE53-4AD9-B48A-494E4535B731}.Release|ARM64.Build.0 = Release|x64
		{3180A5D5-EE53-4AD9-B48A-494E4535B731}.Release|x64.ActiveCfg = Release|x64
		{3180A5D5-EE53-4AD9-B48A-494E4535B731}.Release|x64.Build.0 = Release|x64
		{3180A5D5-EE53-4AD9-B48A-494E4535B731}.Release|x86.ActiveCfg = Release|x64
		{3180A5D5-EE53-4AD9-B48A-494E4535B731}.Release|x86.Build.0 = Release|x64
		{7EFD0048-6A6F-4FEF-A80E-5B917035ED5B}.Debug|Any CPU.ActiveCfg = Debug|x64
		{7EFD0048-6A6F-4FEF-A80E-5B917035ED5B}.Debug|Any CPU.Build.0 = Debug|x64
		{7EFD0048-6A6F-4FEF-A80E-5B917035ED5B}.Debug|ARM.ActiveCfg = Debug|x64
		{7EFD0048-6A6F-4FEF-A80E-5B917035ED5B}.Debug|ARM.Build.0 = Debug|x64
		{7EFD0048-6A6F-4FEF-A80E-5B917035ED5B}.Debug|ARM64.ActiveCfg = Debug|x64
		{7EFD0048-6A6F-4FEF-A80E-5B917035ED5B}.Debug|ARM64.Build.0 = Debug|x64
		{7EFD0048-6A6F-4FEF-A80E-5B917035ED5B}.Debug|x64.ActiveCfg = Debug|x64
		{7EFD0048-6A6F-4FEF-A80E-5B917035ED5B}.Debug|x64.Build.0 = Debug|x64
		{7EFD0048-6A6F-4FEF-A80E-5B917035ED5B}.Debug|x86.ActiveCfg = Debug|x64
		{7EFD0048-6A6F-4FEF-A80E-5B917035ED5B}.Debug|x86.Build.0 = Debug|x64
		{7EFD0048-6A6F-4FEF-A80E-5B917035ED5B}.Release|Any CPU.ActiveCfg = Release|x64
		{7EFD0048-6A6F-4FEF-A80E-5B917035ED5B}.Release|Any CPU.Build.0 = Release|x64
		{7EFD0048-6A6F-4FEF-A80E-5B917035ED5B}.Release|ARM.ActiveCfg = Release|x64
		{7EFD0048-6A6F-4FEF-A80E-5B917035ED5B}.Release|ARM.Build.0 = Release|x64
		{7EFD0048-6A6F-4FEF-A80E-5B917035ED5B}.Release|ARM64.ActiveCfg = Release|x64
		{7EFD0048-6A6F-4FEF-A80E-5B917035ED5B}.Release|ARM64.Build.0 = Release|x64
		{7EFD0048-6A6F-4FEF-A80E-5B917035ED5B}.Release|x64.ActiveCfg = Release|x64
		{7EFD0048-6A6F-4FEF-A80E-5B917035ED5B}.Release|x64.Build.0 = Release|x64
		{7EFD0048-6A6F-4FEF-A80E-5B917035ED5B}.Release|x86.ActiveCfg = Release|x64
		{7EFD0048-6A6F-4FEF-A80E-5B917035ED5B}.Release|x86.Build.0 = Release|x64
		{C703BBB4-251F-4AF8-AC0B-EE02B6F24635}.Debug|Any CPU.ActiveCfg = Debug|x64
		{C703BBB4-251F-4AF8-AC0B-EE02B6F24635}.Debug|Any CPU.Build.0 = Debug|x64
		{C703BBB4-251F-4AF8-AC0B-EE02B6F24635}.Debug|ARM.ActiveCfg = Debug|x64
		{C703BBB4-251F-4AF8-AC0B-EE02B6F24635}.Debug|ARM.Build.0 = Debug|x64
		{C703BBB4-251F-4AF8-AC0B-EE02B6F24635}.Debug|ARM64.ActiveCfg = Debug|x64
		{C703BBB4-251F-4AF8-AC0B-EE02B6F24635}.Debug|ARM64.Build.0 = Debug|x64
		{C703BBB4-251F-4AF8-AC0B-EE02B6F24635}.Debug|x64.ActiveCfg = Debug|x64
		{C703BBB4-251F-4AF8-AC0B-EE02B6F24635}.Debug|x64.Build.0 = Debug|x64
		{C703BBB4-251F-4AF8-AC0B-EE02B6F24635}.Debug|x86.ActiveCfg = Debug|x64
		{C703BBB4-251F-4AF8-AC0B-EE02B6F24635}.Debug|x86.Build.0 = Debug|x64
		{C703BBB4-251F-4AF8-AC0B-EE02B6F24635}.Release|Any CPU.ActiveCfg = Release|x64
		{C703BBB4-251F-4AF8-AC0B-EE02B6F24635}.Release|Any CPU.Build.0 = Release|x64
		{C703BBB4-251F-4AF8-AC0B-EE02B6F24635}.Release|ARM.ActiveCfg = Release|x64
		{C703BBB4-251F-4AF8-AC0B-EE02B6F24635}.Release|ARM.Build.0 = Release|x64
		{C703BBB4-251F-4AF8-AC0B-EE02B6F24635}.Release|ARM64.ActiveCfg = Release|x64
		{C703BBB4-251F-4AF8-AC0B-EE02B6F24635}.Release|ARM64.Build.0 = Release|x64
		{C703BBB4-251F-4AF8-AC0B-EE02B6F24635}.Release|x64.ActiveCfg = Release|x64
		{C703BBB4-251F-4AF8-AC0B-EE02B6F24635}.Release|x64.Build.0 = Release|x64
		{C703BBB4-251F-4AF8-AC0B-EE02B6F24635}.Release|x86.ActiveCfg = Release|x64
		{C703BBB4-251F-4AF8-AC0B-EE02B6F24635}.Release|x86.Build.0 = Release|x64
		{8B89AA7A-5661-4D1F-A02C-182F28C1BC45}.Debug|Any CPU.ActiveCfg = Debug|x64
		{8B89AA7A-5661-4D1F-A02C-182F28C1BC45}.Debug|Any CPU.Build.0 = Debug|x64
		{8B89AA7A-5661-4D1F-A02C-182F28C1BC45}.Debug|Any CPU.Deploy.0 = Debug|x64
		{8B89AA7A-5661-4D1F-A02C-182F28C1BC45}.Debug|ARM.ActiveCfg = Debug|x64
		{8B89AA7A-5661-4D1F-A02C-182F28C1BC45}.Debug|ARM.Build.0 = Debug|x64
		{8B89AA7A-5661-4D1F-A02C-182F28C1BC45}.Debug|ARM.Deploy.0 = Debug|x64
		{8B89AA7A-5661-4D1F-A02C-182F28C1BC45}.Debug|ARM64.ActiveCfg = Debug|x64
		{8B89AA7A-5661-4D1F-A02C-182F28C1BC45}.Debug|ARM64.Build.0 = Debug|x64
		{8B89AA7A-5661-4D1F-A02C-182F28C1BC45}.Debug|ARM64.Deploy.0 = Debug|x64
		{8B89AA7A-5661-4D1F-A02C-182F28C1BC45}.Debug|x64.ActiveCfg = Debug|x64
		{8B89AA7A-5661-4D1F-A02C-182F28C1BC45}.Debug|x64.Build.0 = Debug|x64
		{8B89AA7A-5661-4D1F-A02C-182F28C1BC45}.Debug|x64.Deploy.0 = Debug|x64
		{8B89AA7A-5661-4D1F-A02C-182F28C1BC45}.Debug|x86.ActiveCfg = Debug|x64
		{8B89AA7A-5661-4D1F-A02C-182F28C1BC45}.Debug|x86.Build.0 = Debug|x64
		{8B89AA7A-5661-4D1F-A02C-182F28C1BC45}.Debug|x86.Deploy.0 = Debug|x64
		{8B89AA7A-5661-4D1F-A02C-182F28C1BC45}.Release|Any CPU.ActiveCfg = Release|x64
		{8B89AA7A-5661-4D1F-A02C-182F28C1BC45}.Release|Any CPU.Build.0 = Release|x64
		{8B89AA7A-5661-4D1F-A02C-182F28C1BC45}.Release|Any CPU.Deploy.0 = Release|x64
		{8B89AA7A-5661-4D1F-A02C-182F28C1BC45}.Release|ARM.ActiveCfg = Release|x64
		{8B89AA7A-5661-4D1F-A02C-182F28C1BC45}.Release|ARM.Build.0 = Release|x64
		{8B89AA7A-5661-4D1F-A02C-182F28C1BC45}.Release|ARM.Deploy.0 = Release|x64
		{8B89AA7A-5661-4D1F-A02C-182F28C1BC45}.Release|ARM64.ActiveCfg = Release|x64
		{8B89AA7A-5661-4D1F-A02C-182F28C1BC45}.Release|ARM64.Build.0 = Release|x64
		{8B89AA7A-5661-4D1F-A02C-182F28C1BC45}.Release|ARM64.Deploy.0 = Release|x64
		{8B89AA7A-5661-4D1F-A02C-182F28C1BC45}.Release|x64.ActiveCfg = Release|x64
		{8B89AA7A-5661-4D1F-A02C-182F28C1BC45}.Release|x64.Build.0 = Release|x64
		{8B89AA7A-5661-4D1F-A02C-182F28C1BC45}.Release|x64.Deploy.0 = Release|x64
		{8B89AA7A-5661-4D1F-A02C-182F28C1BC45}.Release|x86.ActiveCfg = Release|x64
		{8B89AA7A-5661-4D1F-A02C-182F28C1BC45}.Release|x86.Build.0 = Release|x64
		{8B89AA7A-5661-4D1F-A02C-182F28C1BC45}.Release|x86.Deploy.0 = Release|x64
		{A554061B-F4AF-4C4C-ABAD-09443C0F2E11}.Debug|Any CPU.ActiveCfg = Debug|x64
		{A554061B-F4AF-4C4C-ABAD-09443C0F2E11}.Debug|Any CPU.Build.0 = Debug|x64
		{A554061B-F4AF-4C4C-ABAD-09443C0F2E11}.Debug|ARM.ActiveCfg = Debug|x64
		{A554061B-F4AF-4C4C-ABAD-09443C0F2E11}.Debug|ARM.Build.0 = Debug|x64
		{A554061B-F4AF-4C4C-ABAD-09443C0F2E11}.Debug|ARM64.ActiveCfg = Debug|x64
		{A554061B-F4AF-4C4C-ABAD-09443C0F2E11}.Debug|ARM64.Build.0 = Debug|x64
		{A554061B-F4AF-4C4C-ABAD-09443C0F2E11}.Debug|x64.ActiveCfg = Debug|x64
		{A554061B-F4AF-4C4C-ABAD-09443C0F2E11}.Debug|x64.Build.0 = Debug|x64
		{A554061B-F4AF-4C4C-ABAD-09443C0F2E11}.Debug|x86.ActiveCfg = Debug|x64
		{A554061B-F4AF-4C4C-ABAD-09443C0F2E11}.Debug|x86.Build.0 = Debug|x64
		{A554061B-F4AF-4C4C-ABAD-09443C0F2E11}.Release|Any CPU.ActiveCfg = Release|x64
		{A554061B-F4AF-4C4C-ABAD-09443C0F2E11}.Release|Any CPU.Build.0 = Release|x64
		{A554061B-F4AF-4C4C-ABAD-09443C0F2E11}.Release|ARM.ActiveCfg = Release|x64
		{A554061B-F4AF-4C4C-ABAD-09443C0F2E11}.Release|ARM.Build.0 = Release|x64
		{A554061B-F4AF-4C4C-ABAD-09443C0F2E11}.Release|ARM64.ActiveCfg = Release|x64
		{A554061B-F4AF-4C4C-ABAD-09443C0F2E11}.Release|ARM64.Build.0 = Release|x64
		{A554061B-F4AF-4C4C-ABAD-09443C0F2E11}.Release|x64.ActiveCfg = Release|x64
		{A554061B-F4AF-4C4C-ABAD-09443C0F2E11}.Release|x64.Build.0 = Release|x64
		{A554061B-F4AF-4C4C-ABAD-09443C0F2E11}.Release|x86.ActiveCfg = Release|x64
		{A554061B-F4AF-4C4C-ABAD-09443C0F2E11}.Release|x86.Build.0 = Release|x64
	EndGlobalSection
	GlobalSection(SolutionProperties) = preSolution
		HideSolutionNode = FALSE
	EndGlobalSection
	GlobalSection(NestedProjects) = preSolution
		{6693C7C0-EDF1-4F6B-89C0-F61C262D9EE5} = {B8846BF5-FF8E-402D-88A6-0E1455685356}
		{E74BBA50-85E3-4C3D-814D-D8390DF9A92F} = {B8846BF5-FF8E-402D-88A6-0E1455685356}
		{665A2311-C34F-4803-B30B-223D74CC7FFF} = {B8846BF5-FF8E-402D-88A6-0E1455685356}
		{6EC1D4DE-2028-4A8E-A583-270DD444618C} = {B8846BF5-FF8E-402D-88A6-0E1455685356}
		{46022F2A-C95E-4644-80A7-E1150D48F288} = {B8846BF5-FF8E-402D-88A6-0E1455685356}
		{CD266705-5D0A-4EE1-BA7E-32498D7B2877} = {2011F985-EB33-49A1-B494-76EEE1A1F143}
		{0D8DA490-68C0-48EB-B5A9-C012D5FECE85} = {CBF0A6FB-6E44-4A95-BDB4-1E4B2727FD8A}
		{3180A5D5-EE53-4AD9-B48A-494E4535B731} = {CBF0A6FB-6E44-4A95-BDB4-1E4B2727FD8A}
		{7EFD0048-6A6F-4FEF-A80E-5B917035ED5B} = {CBF0A6FB-6E44-4A95-BDB4-1E4B2727FD8A}
		{C703BBB4-251F-4AF8-AC0B-EE02B6F24635} = {CBF0A6FB-6E44-4A95-BDB4-1E4B2727FD8A}
		{8B89AA7A-5661-4D1F-A02C-182F28C1BC45} = {CBF0A6FB-6E44-4A95-BDB4-1E4B2727FD8A}
		{A554061B-F4AF-4C4C-ABAD-09443C0F2E11} = {2011F985-EB33-49A1-B494-76EEE1A1F143}
	EndGlobalSection
	GlobalSection(ExtensibilityGlobals) = postSolution
		SolutionGuid = {FD3F8CAA-A45D-4315-B28E-E0F80BBE61B2}
	EndGlobalSection
EndGlobal
