
Microsoft Visual Studio Solution File, Format Version 12.00
# Visual Studio Version 17
VisualStudioVersion = 17.3.32811.315
MinimumVisualStudioVersion = 10.0.40219.1
Project("{9A19103F-16F7-4668-BE54-9A1E7A4F7556}") = "Inventory.Domain", "Domain\Inventory.Domain.csproj", "{6693C7C0-EDF1-4F6B-89C0-F61C262D9EE5}"
EndProject
Project("{9A19103F-16F7-4668-BE54-9A1E7A4F7556}") = "Inventory.Infrastructure", "Infrastructure\Inventory.Infrastructure.csproj", "{E74BBA50-85E3-4C3D-814D-D8390DF9A92F}"
EndProject
Project("{9A19103F-16F7-4668-BE54-9A1E7A4F7556}") = "Inventory.Persistence", "Persistence\Inventory.Persistence.csproj", "{665A2311-C34F-4803-B30B-223D74CC7FFF}"
EndProject
Project("{9A19103F-16F7-4668-BE54-9A1E7A4F7556}") = "Inventory.Application", "Application\Inventory.Application.csproj", "{6EC1D4DE-2028-4A8E-A583-270DD444618C}"
EndProject
Project("{FAE04EC0-301F-11D3-BF4B-00C04F79EFBC}") = "Inventory.Uwp", "Inventory.Uwp\Inventory.Uwp.csproj", "{46022F2A-C95E-4644-80A7-E1150D48F288}"
EndProject
Project("{FAE04EC0-301F-11D3-BF4B-00C04F79EFBC}") = "Inventory.Uwp2", "Inventory.Uwp2\Inventory.Uwp2.csproj", "{8B89AA7A-5661-4D1F-A02C-182F28C1BC45}"
EndProject
Project("{FAE04EC0-301F-11D3-BF4B-00C04F79EFBC}") = "Inventory.Uwp.Library", "Inventory.Uwp.Library\Inventory.Uwp.Library.csproj", "{CD266705-5D0A-4EE1-BA7E-32498D7B2877}"
EndProject
Project("{FAE04EC0-301F-11D3-BF4B-00C04F79EFBC}") = "ConsoleApp", "ConsoleApp\ConsoleApp.csproj", "{128687FE-2BC5-4EED-B620-3A6E2BEC6533}"
EndProject
Global
	GlobalSection(SolutionConfigurationPlatforms) = preSolution
		Debug|Any CPU = Debug|Any CPU
		Debug|x64 = Debug|x64
		Release|Any CPU = Release|Any CPU
		Release|x64 = Release|x64
	EndGlobalSection
	GlobalSection(ProjectConfigurationPlatforms) = postSolution
		{6693C7C0-EDF1-4F6B-89C0-F61C262D9EE5}.Debug|Any CPU.ActiveCfg = Debug|x64
		{6693C7C0-EDF1-4F6B-89C0-F61C262D9EE5}.Debug|Any CPU.Build.0 = Debug|x64
		{6693C7C0-EDF1-4F6B-89C0-F61C262D9EE5}.Debug|x64.ActiveCfg = Debug|x64
		{6693C7C0-EDF1-4F6B-89C0-F61C262D9EE5}.Debug|x64.Build.0 = Debug|x64
		{6693C7C0-EDF1-4F6B-89C0-F61C262D9EE5}.Release|Any CPU.ActiveCfg = Release|x64
		{6693C7C0-EDF1-4F6B-89C0-F61C262D9EE5}.Release|Any CPU.Build.0 = Release|x64
		{6693C7C0-EDF1-4F6B-89C0-F61C262D9EE5}.Release|x64.ActiveCfg = Release|x64
		{6693C7C0-EDF1-4F6B-89C0-F61C262D9EE5}.Release|x64.Build.0 = Release|x64
		{E74BBA50-85E3-4C3D-814D-D8390DF9A92F}.Debug|Any CPU.ActiveCfg = Debug|x64
		{E74BBA50-85E3-4C3D-814D-D8390DF9A92F}.Debug|Any CPU.Build.0 = Debug|x64
		{E74BBA50-85E3-4C3D-814D-D8390DF9A92F}.Debug|x64.ActiveCfg = Debug|x64
		{E74BBA50-85E3-4C3D-814D-D8390DF9A92F}.Debug|x64.Build.0 = Debug|x64
		{E74BBA50-85E3-4C3D-814D-D8390DF9A92F}.Release|Any CPU.ActiveCfg = Release|x64
		{E74BBA50-85E3-4C3D-814D-D8390DF9A92F}.Release|Any CPU.Build.0 = Release|x64
		{E74BBA50-85E3-4C3D-814D-D8390DF9A92F}.Release|x64.ActiveCfg = Release|x64
		{E74BBA50-85E3-4C3D-814D-D8390DF9A92F}.Release|x64.Build.0 = Release|x64
		{665A2311-C34F-4803-B30B-223D74CC7FFF}.Debug|Any CPU.ActiveCfg = Debug|x64
		{665A2311-C34F-4803-B30B-223D74CC7FFF}.Debug|Any CPU.Build.0 = Debug|x64
		{665A2311-C34F-4803-B30B-223D74CC7FFF}.Debug|x64.ActiveCfg = Debug|x64
		{665A2311-C34F-4803-B30B-223D74CC7FFF}.Debug|x64.Build.0 = Debug|x64
		{665A2311-C34F-4803-B30B-223D74CC7FFF}.Release|Any CPU.ActiveCfg = Release|x64
		{665A2311-C34F-4803-B30B-223D74CC7FFF}.Release|Any CPU.Build.0 = Release|x64
		{665A2311-C34F-4803-B30B-223D74CC7FFF}.Release|x64.ActiveCfg = Release|x64
		{665A2311-C34F-4803-B30B-223D74CC7FFF}.Release|x64.Build.0 = Release|x64
		{6EC1D4DE-2028-4A8E-A583-270DD444618C}.Debug|Any CPU.ActiveCfg = Debug|x64
		{6EC1D4DE-2028-4A8E-A583-270DD444618C}.Debug|Any CPU.Build.0 = Debug|x64
		{6EC1D4DE-2028-4A8E-A583-270DD444618C}.Debug|x64.ActiveCfg = Debug|x64
		{6EC1D4DE-2028-4A8E-A583-270DD444618C}.Debug|x64.Build.0 = Debug|x64
		{6EC1D4DE-2028-4A8E-A583-270DD444618C}.Release|Any CPU.ActiveCfg = Release|x64
		{6EC1D4DE-2028-4A8E-A583-270DD444618C}.Release|Any CPU.Build.0 = Release|x64
		{6EC1D4DE-2028-4A8E-A583-270DD444618C}.Release|x64.ActiveCfg = Release|x64
		{6EC1D4DE-2028-4A8E-A583-270DD444618C}.Release|x64.Build.0 = Release|x64
		{46022F2A-C95E-4644-80A7-E1150D48F288}.Debug|Any CPU.ActiveCfg = Debug|Any CPU
		{46022F2A-C95E-4644-80A7-E1150D48F288}.Debug|Any CPU.Build.0 = Debug|Any CPU
		{46022F2A-C95E-4644-80A7-E1150D48F288}.Debug|Any CPU.Deploy.0 = Debug|Any CPU
		{46022F2A-C95E-4644-80A7-E1150D48F288}.Debug|x64.ActiveCfg = Debug|x64
		{46022F2A-C95E-4644-80A7-E1150D48F288}.Debug|x64.Build.0 = Debug|x64
		{46022F2A-C95E-4644-80A7-E1150D48F288}.Debug|x64.Deploy.0 = Debug|x64
		{46022F2A-C95E-4644-80A7-E1150D48F288}.Release|Any CPU.ActiveCfg = Release|Any CPU
		{46022F2A-C95E-4644-80A7-E1150D48F288}.Release|Any CPU.Build.0 = Release|Any CPU
		{46022F2A-C95E-4644-80A7-E1150D48F288}.Release|Any CPU.Deploy.0 = Release|Any CPU
		{46022F2A-C95E-4644-80A7-E1150D48F288}.Release|x64.ActiveCfg = Release|x64
		{46022F2A-C95E-4644-80A7-E1150D48F288}.Release|x64.Build.0 = Release|x64
		{46022F2A-C95E-4644-80A7-E1150D48F288}.Release|x64.Deploy.0 = Release|x64
		{8B89AA7A-5661-4D1F-A02C-182F28C1BC45}.Debug|Any CPU.ActiveCfg = Debug|Any CPU
		{8B89AA7A-5661-4D1F-A02C-182F28C1BC45}.Debug|Any CPU.Build.0 = Debug|Any CPU
		{8B89AA7A-5661-4D1F-A02C-182F28C1BC45}.Debug|Any CPU.Deploy.0 = Debug|Any CPU
		{8B89AA7A-5661-4D1F-A02C-182F28C1BC45}.Debug|x64.ActiveCfg = Debug|x64
		{8B89AA7A-5661-4D1F-A02C-182F28C1BC45}.Debug|x64.Build.0 = Debug|x64
		{8B89AA7A-5661-4D1F-A02C-182F28C1BC45}.Debug|x64.Deploy.0 = Debug|x64
		{8B89AA7A-5661-4D1F-A02C-182F28C1BC45}.Release|Any CPU.ActiveCfg = Release|Any CPU
		{8B89AA7A-5661-4D1F-A02C-182F28C1BC45}.Release|Any CPU.Build.0 = Release|Any CPU
		{8B89AA7A-5661-4D1F-A02C-182F28C1BC45}.Release|Any CPU.Deploy.0 = Release|Any CPU
		{8B89AA7A-5661-4D1F-A02C-182F28C1BC45}.Release|x64.ActiveCfg = Release|x64
		{8B89AA7A-5661-4D1F-A02C-182F28C1BC45}.Release|x64.Build.0 = Release|x64
		{8B89AA7A-5661-4D1F-A02C-182F28C1BC45}.Release|x64.Deploy.0 = Release|x64
		{CD266705-5D0A-4EE1-BA7E-32498D7B2877}.Debug|Any CPU.ActiveCfg = Debug|Any CPU
		{CD266705-5D0A-4EE1-BA7E-32498D7B2877}.Debug|Any CPU.Build.0 = Debug|Any CPU
		{CD266705-5D0A-4EE1-BA7E-32498D7B2877}.Debug|x64.ActiveCfg = Debug|x64
		{CD266705-5D0A-4EE1-BA7E-32498D7B2877}.Debug|x64.Build.0 = Debug|x64
		{CD266705-5D0A-4EE1-BA7E-32498D7B2877}.Release|Any CPU.ActiveCfg = Release|Any CPU
		{CD266705-5D0A-4EE1-BA7E-32498D7B2877}.Release|Any CPU.Build.0 = Release|Any CPU
		{CD266705-5D0A-4EE1-BA7E-32498D7B2877}.Release|x64.ActiveCfg = Release|x64
		{CD266705-5D0A-4EE1-BA7E-32498D7B2877}.Release|x64.Build.0 = Release|x64
		{128687FE-2BC5-4EED-B620-3A6E2BEC6533}.Debug|Any CPU.ActiveCfg = Debug|x64
		{128687FE-2BC5-4EED-B620-3A6E2BEC6533}.Debug|x64.ActiveCfg = Debug|x64
		{128687FE-2BC5-4EED-B620-3A6E2BEC6533}.Debug|x64.Build.0 = Debug|x64
		{128687FE-2BC5-4EED-B620-3A6E2BEC6533}.Release|Any CPU.ActiveCfg = Release|x64
		{128687FE-2BC5-4EED-B620-3A6E2BEC6533}.Release|x64.ActiveCfg = Release|x64
	EndGlobalSection
	GlobalSection(SolutionProperties) = preSolution
		HideSolutionNode = FALSE
	EndGlobalSection
	GlobalSection(ExtensibilityGlobals) = postSolution
		SolutionGuid = {FD3F8CAA-A45D-4315-B28E-E0F80BBE61B2}
	EndGlobalSection
EndGlobal
